
Microsoft Visual Studio Solution File, Format Version 12.00
# Visual Studio Version 17
VisualStudioVersion = 17.13.35828.75 d17.13
MinimumVisualStudioVersion = 10.0.40219.1
Project("{FAE04EC0-301F-11D3-BF4B-00C04F79EFBC}") = "ConsoleApp1", "ConsoleApp1\ConsoleApp1.csproj", "{A7059337-6CB4-4C9D-80E4-0B4005105ED5}"
EndProject
Global
	GlobalSection(SolutionConfigurationPlatforms) = preSolution
		Debug|Any CPU = Debug|Any CPU
		Release|Any CPU = Release|Any CPU
	EndGlobalSection
	GlobalSection(ProjectConfigurationPlatforms) = postSolution
		{A7059337-6CB4-4C9D-80E4-0B4005105ED5}.Debug|Any CPU.ActiveCfg = Debug|Any CPU
		{A7059337-6CB4-4C9D-80E4-0B4005105ED5}.Debug|Any CPU.Build.0 = Debug|Any CPU
		{A7059337-6CB4-4C9D-80E4-0B4005105ED5}.Release|Any CPU.ActiveCfg = Release|Any CPU
		{A7059337-6CB4-4C9D-80E4-0B4005105ED5}.Release|Any CPU.Build.0 = Release|Any CPU
	EndGlobalSection
	GlobalSection(SolutionProperties) = preSolution
		HideSolutionNode = FALSE
	EndGlobalSection
	GlobalSection(ExtensibilityGlobals) = postSolution
		SolutionGuid = {9C3CB0EB-AB7C-4F3F-847D-B24C9118172A}
	EndGlobalSection
EndGlobal
